// !$*UTF8*$!
{
	archiveVersion = 1;
	classes = {
	};
	objectVersion = 52;
	objects = {

/* Begin PBXBuildFile section */
		3761120B1577076FB435304C /* Pods_Compound_Solver.framework in Frameworks */ = {isa = PBXBuildFile; fileRef = 490715EB0D9BF61AD391F022 /* Pods_Compound_Solver.framework */; };
		81B4FE1E30F1AB4B78D9D4F1 /* Pods_WatchCompound.framework in Frameworks */ = {isa = PBXBuildFile; fileRef = 4D7DA795DE52771C18E3F194 /* Pods_WatchCompound.framework */; };
		9C1F4A4A27A075B0003003DA /* BannerAd.swift in Sources */ = {isa = PBXBuildFile; fileRef = 9C1F4A4927A075B0003003DA /* BannerAd.swift */; };
		9C213B5A27B2E10E000F91C0 /* OtherCalcView.swift in Sources */ = {isa = PBXBuildFile; fileRef = 9C213B5927B2E10E000F91C0 /* OtherCalcView.swift */; };
		9C213B5C27B2E15C000F91C0 /* SimpleInterestView.swift in Sources */ = {isa = PBXBuildFile; fileRef = 9C213B5B27B2E15C000F91C0 /* SimpleInterestView.swift */; };
		9C213B5E27B2E3DA000F91C0 /* CompoundTargetView.swift in Sources */ = {isa = PBXBuildFile; fileRef = 9C213B5D27B2E3DA000F91C0 /* CompoundTargetView.swift */; };
		9C213B6027B2E415000F91C0 /* PercentageGrowthView.swift in Sources */ = {isa = PBXBuildFile; fileRef = 9C213B5F27B2E415000F91C0 /* PercentageGrowthView.swift */; };
		9C213B6327B2E60B000F91C0 /* CompoundCalculationModel.swift in Sources */ = {isa = PBXBuildFile; fileRef = 9C6FA825279F8C7B00139F20 /* CompoundCalculationModel.swift */; };
		9C213B6827B2E8A0000F91C0 /* SplashScreen.storyboard in Resources */ = {isa = PBXBuildFile; fileRef = 9C213B6727B2E8A0000F91C0 /* SplashScreen.storyboard */; };
		9C213B6E27B46AD3000F91C0 /* SaveSimple.swift in Sources */ = {isa = PBXBuildFile; fileRef = 9C213B6A27B467AD000F91C0 /* SaveSimple.swift */; };
		9C213B7027B46F7F000F91C0 /* RequestReviewController.swift in Sources */ = {isa = PBXBuildFile; fileRef = 9C213B6F27B46F7F000F91C0 /* RequestReviewController.swift */; };
		9C6FA7FC279F479000139F20 /* Charts in Frameworks */ = {isa = PBXBuildFile; productRef = 9C6FA7FB279F479000139F20 /* Charts */; };
		9C6FA7FE279F4D1A00139F20 /* SettingMenuView.swift in Sources */ = {isa = PBXBuildFile; fileRef = 9C6FA7FD279F4D1A00139F20 /* SettingMenuView.swift */; };
		9C6FA800279F4D8F00139F20 /* DoubleView.swift in Sources */ = {isa = PBXBuildFile; fileRef = 9C6FA7FF279F4D8F00139F20 /* DoubleView.swift */; };
		9C6FA802279F4DDA00139F20 /* FormulaView.swift in Sources */ = {isa = PBXBuildFile; fileRef = 9C6FA801279F4DDA00139F20 /* FormulaView.swift */; };
		9C6FA804279F501E00139F20 /* CompoundSolverView.swift in Sources */ = {isa = PBXBuildFile; fileRef = 9C6FA803279F501E00139F20 /* CompoundSolverView.swift */; };
		9C6FA806279F5B1D00139F20 /* YearlyValuesView.swift in Sources */ = {isa = PBXBuildFile; fileRef = 9C6FA805279F5B1D00139F20 /* YearlyValuesView.swift */; };
		9C6FA808279F5C1900139F20 /* CompoundHistoryView.swift in Sources */ = {isa = PBXBuildFile; fileRef = 9C6FA807279F5C1900139F20 /* CompoundHistoryView.swift */; };
		9C6FA826279F8C7B00139F20 /* CompoundCalculationModel.swift in Sources */ = {isa = PBXBuildFile; fileRef = 9C6FA825279F8C7B00139F20 /* CompoundCalculationModel.swift */; };
		9C6FA828279F906200139F20 /* SaveCompounds.swift in Sources */ = {isa = PBXBuildFile; fileRef = 9C6FA827279F906200139F20 /* SaveCompounds.swift */; };
		9C83921927A1F14500C9F2C4 /* ChartsEx.swift in Sources */ = {isa = PBXBuildFile; fileRef = 9C83921827A1F14500C9F2C4 /* ChartsEx.swift */; };
		9C83921B27A5D45C00C9F2C4 /* DoubleHistoryView.swift in Sources */ = {isa = PBXBuildFile; fileRef = 9C83921A27A5D45C00C9F2C4 /* DoubleHistoryView.swift */; };
		9C83921D27A5D4BF00C9F2C4 /* SaveDoubles.swift in Sources */ = {isa = PBXBuildFile; fileRef = 9C83921C27A5D4BF00C9F2C4 /* SaveDoubles.swift */; };
		9C83922427A8590100C9F2C4 /* SwiftUI Apple Watch Decimal Pad in Frameworks */ = {isa = PBXBuildFile; productRef = 9C83922327A8590100C9F2C4 /* SwiftUI Apple Watch Decimal Pad */; };
		9C83923427AB2E9A00C9F2C4 /* Enums.swift in Sources */ = {isa = PBXBuildFile; fileRef = 9C83923327AB2E9A00C9F2C4 /* Enums.swift */; };
		9C83923527AB2EAB00C9F2C4 /* Enums.swift in Sources */ = {isa = PBXBuildFile; fileRef = 9C83923327AB2E9A00C9F2C4 /* Enums.swift */; };
		9CBAB9C627EBAE83004D2D4F /* SaveSimple.swift in Sources */ = {isa = PBXBuildFile; fileRef = 9C213B6A27B467AD000F91C0 /* SaveSimple.swift */; };
		9CD6518327FE85AB000FE1BC /* DebtCalcView.swift in Sources */ = {isa = PBXBuildFile; fileRef = 9CD6518227FE85AB000FE1BC /* DebtCalcView.swift */; };
		9CDC04462803419700C80B22 /* AnnualRateOfReturnView.swift in Sources */ = {isa = PBXBuildFile; fileRef = 9CDC04452803419700C80B22 /* AnnualRateOfReturnView.swift */; };
		9CE0E15C26B741D000589891 /* Compound_SolverApp.swift in Sources */ = {isa = PBXBuildFile; fileRef = 9CE0E15B26B741D000589891 /* Compound_SolverApp.swift */; };
		9CE0E15E26B741D000589891 /* ContentView.swift in Sources */ = {isa = PBXBuildFile; fileRef = 9CE0E15D26B741D000589891 /* ContentView.swift */; };
		9CE0E16026B741D400589891 /* Assets.xcassets in Resources */ = {isa = PBXBuildFile; fileRef = 9CE0E15F26B741D400589891 /* Assets.xcassets */; };
		9CE0E16326B741D400589891 /* Preview Assets.xcassets in Resources */ = {isa = PBXBuildFile; fileRef = 9CE0E16226B741D400589891 /* Preview Assets.xcassets */; };
		9CE0E16F26BA219A00589891 /* Assets.xcassets in Resources */ = {isa = PBXBuildFile; fileRef = 9CE0E16E26BA219A00589891 /* Assets.xcassets */; };
		9CE0E17626BA219A00589891 /* WatchCompound Extension.appex in Embed App Extensions */ = {isa = PBXBuildFile; fileRef = 9CE0E17526BA219A00589891 /* WatchCompound Extension.appex */; settings = {ATTRIBUTES = (RemoveHeadersOnCopy, ); }; };
		9CE0E17B26BA219A00589891 /* ContentView.swift in Sources */ = {isa = PBXBuildFile; fileRef = 9CE0E17A26BA219A00589891 /* ContentView.swift */; };
		9CE0E17D26BA219A00589891 /* Compound_SolverApp.swift in Sources */ = {isa = PBXBuildFile; fileRef = 9CE0E17C26BA219A00589891 /* Compound_SolverApp.swift */; };
		9CE0E18126BA219B00589891 /* Assets.xcassets in Resources */ = {isa = PBXBuildFile; fileRef = 9CE0E18026BA219B00589891 /* Assets.xcassets */; };
		9CE0E18426BA219B00589891 /* Preview Assets.xcassets in Resources */ = {isa = PBXBuildFile; fileRef = 9CE0E18326BA219B00589891 /* Preview Assets.xcassets */; };
		9CE0E18826BA219B00589891 /* WatchCompound.app in Embed Watch Content */ = {isa = PBXBuildFile; fileRef = 9CE0E16C26BA219600589891 /* WatchCompound.app */; settings = {ATTRIBUTES = (RemoveHeadersOnCopy, ); }; };
		C8C8C616FAB5CD93E61C15B8 /* Pods_WatchCompound_Extension.framework in Frameworks */ = {isa = PBXBuildFile; fileRef = BBCA8C560DA054F50EB80088 /* Pods_WatchCompound_Extension.framework */; };
/* End PBXBuildFile section */

/* Begin PBXContainerItemProxy section */
		9CE0E17726BA219A00589891 /* PBXContainerItemProxy */ = {
			isa = PBXContainerItemProxy;
			containerPortal = 9CE0E15026B741D000589891 /* Project object */;
			proxyType = 1;
			remoteGlobalIDString = 9CE0E17426BA219A00589891;
			remoteInfo = "WatchCompound Extension";
		};
		9CE0E18626BA219B00589891 /* PBXContainerItemProxy */ = {
			isa = PBXContainerItemProxy;
			containerPortal = 9CE0E15026B741D000589891 /* Project object */;
			proxyType = 1;
			remoteGlobalIDString = 9CE0E16B26BA219600589891;
			remoteInfo = WatchCompound;
		};
/* End PBXContainerItemProxy section */

/* Begin PBXCopyFilesBuildPhase section */
		9CE0E18C26BA219B00589891 /* Embed App Extensions */ = {
			isa = PBXCopyFilesBuildPhase;
			buildActionMask = 2147483647;
			dstPath = "";
			dstSubfolderSpec = 13;
			files = (
				9CE0E17626BA219A00589891 /* WatchCompound Extension.appex in Embed App Extensions */,
			);
			name = "Embed App Extensions";
			runOnlyForDeploymentPostprocessing = 0;
		};
		9CE0E19026BA219B00589891 /* Embed Watch Content */ = {
			isa = PBXCopyFilesBuildPhase;
			buildActionMask = 2147483647;
			dstPath = "$(CONTENTS_FOLDER_PATH)/Watch";
			dstSubfolderSpec = 16;
			files = (
				9CE0E18826BA219B00589891 /* WatchCompound.app in Embed Watch Content */,
			);
			name = "Embed Watch Content";
			runOnlyForDeploymentPostprocessing = 0;
		};
/* End PBXCopyFilesBuildPhase section */

/* Begin PBXFileReference section */
		1E20465EABA8F62B27F3506F /* Pods-WatchCompound.release.xcconfig */ = {isa = PBXFileReference; includeInIndex = 1; lastKnownFileType = text.xcconfig; name = "Pods-WatchCompound.release.xcconfig"; path = "Target Support Files/Pods-WatchCompound/Pods-WatchCompound.release.xcconfig"; sourceTree = "<group>"; };
		2D5C6A521C3D7D3E2A8563D5 /* Pods-WatchCompound Extension.debug.xcconfig */ = {isa = PBXFileReference; includeInIndex = 1; lastKnownFileType = text.xcconfig; name = "Pods-WatchCompound Extension.debug.xcconfig"; path = "Target Support Files/Pods-WatchCompound Extension/Pods-WatchCompound Extension.debug.xcconfig"; sourceTree = "<group>"; };
		2E40A10573292D6CDECD138F /* Pods-WatchCompound.debug.xcconfig */ = {isa = PBXFileReference; includeInIndex = 1; lastKnownFileType = text.xcconfig; name = "Pods-WatchCompound.debug.xcconfig"; path = "Target Support Files/Pods-WatchCompound/Pods-WatchCompound.debug.xcconfig"; sourceTree = "<group>"; };
		3D16C26E65A9F65262F6DC79 /* Pods-Compound Solver.debug.xcconfig */ = {isa = PBXFileReference; includeInIndex = 1; lastKnownFileType = text.xcconfig; name = "Pods-Compound Solver.debug.xcconfig"; path = "Target Support Files/Pods-Compound Solver/Pods-Compound Solver.debug.xcconfig"; sourceTree = "<group>"; };
		455A58009774117685B41C08 /* Pods-WatchCompound Extension.release.xcconfig */ = {isa = PBXFileReference; includeInIndex = 1; lastKnownFileType = text.xcconfig; name = "Pods-WatchCompound Extension.release.xcconfig"; path = "Target Support Files/Pods-WatchCompound Extension/Pods-WatchCompound Extension.release.xcconfig"; sourceTree = "<group>"; };
		490715EB0D9BF61AD391F022 /* Pods_Compound_Solver.framework */ = {isa = PBXFileReference; explicitFileType = wrapper.framework; includeInIndex = 0; path = Pods_Compound_Solver.framework; sourceTree = BUILT_PRODUCTS_DIR; };
		4D7DA795DE52771C18E3F194 /* Pods_WatchCompound.framework */ = {isa = PBXFileReference; explicitFileType = wrapper.framework; includeInIndex = 0; path = Pods_WatchCompound.framework; sourceTree = BUILT_PRODUCTS_DIR; };
		9C1F4A4927A075B0003003DA /* BannerAd.swift */ = {isa = PBXFileReference; lastKnownFileType = sourcecode.swift; path = BannerAd.swift; sourceTree = "<group>"; };
		9C213B5927B2E10E000F91C0 /* OtherCalcView.swift */ = {isa = PBXFileReference; lastKnownFileType = sourcecode.swift; path = OtherCalcView.swift; sourceTree = "<group>"; };
		9C213B5B27B2E15C000F91C0 /* SimpleInterestView.swift */ = {isa = PBXFileReference; lastKnownFileType = sourcecode.swift; path = SimpleInterestView.swift; sourceTree = "<group>"; };
		9C213B5D27B2E3DA000F91C0 /* CompoundTargetView.swift */ = {isa = PBXFileReference; lastKnownFileType = sourcecode.swift; path = CompoundTargetView.swift; sourceTree = "<group>"; };
		9C213B5F27B2E415000F91C0 /* PercentageGrowthView.swift */ = {isa = PBXFileReference; lastKnownFileType = sourcecode.swift; path = PercentageGrowthView.swift; sourceTree = "<group>"; };
		9C213B6727B2E8A0000F91C0 /* SplashScreen.storyboard */ = {isa = PBXFileReference; lastKnownFileType = file.storyboard; path = SplashScreen.storyboard; sourceTree = "<group>"; };
		9C213B6A27B467AD000F91C0 /* SaveSimple.swift */ = {isa = PBXFileReference; lastKnownFileType = sourcecode.swift; path = SaveSimple.swift; sourceTree = "<group>"; };
		9C213B6C27B467ED000F91C0 /* SimpleHistoryView.swift */ = {isa = PBXFileReference; lastKnownFileType = sourcecode.swift; path = SimpleHistoryView.swift; sourceTree = "<group>"; };
		9C213B6F27B46F7F000F91C0 /* RequestReviewController.swift */ = {isa = PBXFileReference; lastKnownFileType = sourcecode.swift; path = RequestReviewController.swift; sourceTree = "<group>"; };
		9C6FA7FD279F4D1A00139F20 /* SettingMenuView.swift */ = {isa = PBXFileReference; lastKnownFileType = sourcecode.swift; path = SettingMenuView.swift; sourceTree = "<group>"; };
		9C6FA7FF279F4D8F00139F20 /* DoubleView.swift */ = {isa = PBXFileReference; lastKnownFileType = sourcecode.swift; path = DoubleView.swift; sourceTree = "<group>"; };
		9C6FA801279F4DDA00139F20 /* FormulaView.swift */ = {isa = PBXFileReference; lastKnownFileType = sourcecode.swift; path = FormulaView.swift; sourceTree = "<group>"; };
		9C6FA803279F501E00139F20 /* CompoundSolverView.swift */ = {isa = PBXFileReference; lastKnownFileType = sourcecode.swift; path = CompoundSolverView.swift; sourceTree = "<group>"; };
		9C6FA805279F5B1D00139F20 /* YearlyValuesView.swift */ = {isa = PBXFileReference; lastKnownFileType = sourcecode.swift; path = YearlyValuesView.swift; sourceTree = "<group>"; };
		9C6FA807279F5C1900139F20 /* CompoundHistoryView.swift */ = {isa = PBXFileReference; lastKnownFileType = sourcecode.swift; path = CompoundHistoryView.swift; sourceTree = "<group>"; };
		9C6FA825279F8C7B00139F20 /* CompoundCalculationModel.swift */ = {isa = PBXFileReference; lastKnownFileType = sourcecode.swift; path = CompoundCalculationModel.swift; sourceTree = "<group>"; };
		9C6FA827279F906200139F20 /* SaveCompounds.swift */ = {isa = PBXFileReference; lastKnownFileType = sourcecode.swift; path = SaveCompounds.swift; sourceTree = "<group>"; };
		9C83921827A1F14500C9F2C4 /* ChartsEx.swift */ = {isa = PBXFileReference; lastKnownFileType = sourcecode.swift; path = ChartsEx.swift; sourceTree = "<group>"; };
		9C83921A27A5D45C00C9F2C4 /* DoubleHistoryView.swift */ = {isa = PBXFileReference; lastKnownFileType = sourcecode.swift; path = DoubleHistoryView.swift; sourceTree = "<group>"; };
		9C83921C27A5D4BF00C9F2C4 /* SaveDoubles.swift */ = {isa = PBXFileReference; lastKnownFileType = sourcecode.swift; path = SaveDoubles.swift; sourceTree = "<group>"; };
		9C83923327AB2E9A00C9F2C4 /* Enums.swift */ = {isa = PBXFileReference; lastKnownFileType = sourcecode.swift; path = Enums.swift; sourceTree = "<group>"; };
		9CD6518227FE85AB000FE1BC /* DebtCalcView.swift */ = {isa = PBXFileReference; lastKnownFileType = sourcecode.swift; path = DebtCalcView.swift; sourceTree = "<group>"; };
		9CDC04452803419700C80B22 /* AnnualRateOfReturnView.swift */ = {isa = PBXFileReference; lastKnownFileType = sourcecode.swift; path = AnnualRateOfReturnView.swift; sourceTree = "<group>"; };
		9CE0E15826B741D000589891 /* Compound Solver.app */ = {isa = PBXFileReference; explicitFileType = wrapper.application; includeInIndex = 0; path = "Compound Solver.app"; sourceTree = BUILT_PRODUCTS_DIR; };
		9CE0E15B26B741D000589891 /* Compound_SolverApp.swift */ = {isa = PBXFileReference; lastKnownFileType = sourcecode.swift; path = Compound_SolverApp.swift; sourceTree = "<group>"; };
		9CE0E15D26B741D000589891 /* ContentView.swift */ = {isa = PBXFileReference; lastKnownFileType = sourcecode.swift; path = ContentView.swift; sourceTree = "<group>"; };
		9CE0E15F26B741D400589891 /* Assets.xcassets */ = {isa = PBXFileReference; lastKnownFileType = folder.assetcatalog; path = Assets.xcassets; sourceTree = "<group>"; };
		9CE0E16226B741D400589891 /* Preview Assets.xcassets */ = {isa = PBXFileReference; lastKnownFileType = folder.assetcatalog; path = "Preview Assets.xcassets"; sourceTree = "<group>"; };
		9CE0E16426B741D400589891 /* Info.plist */ = {isa = PBXFileReference; lastKnownFileType = text.plist.xml; path = Info.plist; sourceTree = "<group>"; };
		9CE0E16C26BA219600589891 /* WatchCompound.app */ = {isa = PBXFileReference; explicitFileType = wrapper.application; includeInIndex = 0; path = WatchCompound.app; sourceTree = BUILT_PRODUCTS_DIR; };
		9CE0E16E26BA219A00589891 /* Assets.xcassets */ = {isa = PBXFileReference; lastKnownFileType = folder.assetcatalog; path = Assets.xcassets; sourceTree = "<group>"; };
		9CE0E17026BA219A00589891 /* Info.plist */ = {isa = PBXFileReference; lastKnownFileType = text.plist.xml; path = Info.plist; sourceTree = "<group>"; };
		9CE0E17526BA219A00589891 /* WatchCompound Extension.appex */ = {isa = PBXFileReference; explicitFileType = "wrapper.app-extension"; includeInIndex = 0; path = "WatchCompound Extension.appex"; sourceTree = BUILT_PRODUCTS_DIR; };
		9CE0E17A26BA219A00589891 /* ContentView.swift */ = {isa = PBXFileReference; lastKnownFileType = sourcecode.swift; path = ContentView.swift; sourceTree = "<group>"; };
		9CE0E17C26BA219A00589891 /* Compound_SolverApp.swift */ = {isa = PBXFileReference; lastKnownFileType = sourcecode.swift; path = Compound_SolverApp.swift; sourceTree = "<group>"; };
		9CE0E18026BA219B00589891 /* Assets.xcassets */ = {isa = PBXFileReference; lastKnownFileType = folder.assetcatalog; path = Assets.xcassets; sourceTree = "<group>"; };
		9CE0E18326BA219B00589891 /* Preview Assets.xcassets */ = {isa = PBXFileReference; lastKnownFileType = folder.assetcatalog; path = "Preview Assets.xcassets"; sourceTree = "<group>"; };
		9CE0E18526BA219B00589891 /* Info.plist */ = {isa = PBXFileReference; lastKnownFileType = text.plist.xml; path = Info.plist; sourceTree = "<group>"; };
		BBCA8C560DA054F50EB80088 /* Pods_WatchCompound_Extension.framework */ = {isa = PBXFileReference; explicitFileType = wrapper.framework; includeInIndex = 0; path = Pods_WatchCompound_Extension.framework; sourceTree = BUILT_PRODUCTS_DIR; };
		F55D75A0147474BBB05DC987 /* Pods-Compound Solver.release.xcconfig */ = {isa = PBXFileReference; includeInIndex = 1; lastKnownFileType = text.xcconfig; name = "Pods-Compound Solver.release.xcconfig"; path = "Target Support Files/Pods-Compound Solver/Pods-Compound Solver.release.xcconfig"; sourceTree = "<group>"; };
/* End PBXFileReference section */

/* Begin PBXFrameworksBuildPhase section */
		870A7CBE5BDAD5E0BD032C51 /* Frameworks */ = {
			isa = PBXFrameworksBuildPhase;
			buildActionMask = 2147483647;
			files = (
				81B4FE1E30F1AB4B78D9D4F1 /* Pods_WatchCompound.framework in Frameworks */,
			);
			runOnlyForDeploymentPostprocessing = 0;
		};
		9CE0E15526B741D000589891 /* Frameworks */ = {
			isa = PBXFrameworksBuildPhase;
			buildActionMask = 2147483647;
			files = (
				9C6FA7FC279F479000139F20 /* Charts in Frameworks */,
				3761120B1577076FB435304C /* Pods_Compound_Solver.framework in Frameworks */,
			);
			runOnlyForDeploymentPostprocessing = 0;
		};
		9CE0E17226BA219A00589891 /* Frameworks */ = {
			isa = PBXFrameworksBuildPhase;
			buildActionMask = 2147483647;
			files = (
				C8C8C616FAB5CD93E61C15B8 /* Pods_WatchCompound_Extension.framework in Frameworks */,
				9C83922427A8590100C9F2C4 /* SwiftUI Apple Watch Decimal Pad in Frameworks */,
			);
			runOnlyForDeploymentPostprocessing = 0;
		};
/* End PBXFrameworksBuildPhase section */

/* Begin PBXGroup section */
		22D46665B3E8AB2E3B717047 /* Pods */ = {
			isa = PBXGroup;
			children = (
				3D16C26E65A9F65262F6DC79 /* Pods-Compound Solver.debug.xcconfig */,
				F55D75A0147474BBB05DC987 /* Pods-Compound Solver.release.xcconfig */,
				2E40A10573292D6CDECD138F /* Pods-WatchCompound.debug.xcconfig */,
				1E20465EABA8F62B27F3506F /* Pods-WatchCompound.release.xcconfig */,
				2D5C6A521C3D7D3E2A8563D5 /* Pods-WatchCompound Extension.debug.xcconfig */,
				455A58009774117685B41C08 /* Pods-WatchCompound Extension.release.xcconfig */,
			);
			path = Pods;
			sourceTree = "<group>";
		};
		9C213B6127B2E58F000F91C0 /* Compound Calculator */ = {
			isa = PBXGroup;
			children = (
				9C6FA825279F8C7B00139F20 /* CompoundCalculationModel.swift */,
				9C6FA807279F5C1900139F20 /* CompoundHistoryView.swift */,
				9C6FA827279F906200139F20 /* SaveCompounds.swift */,
				9C6FA805279F5B1D00139F20 /* YearlyValuesView.swift */,
				9C6FA803279F501E00139F20 /* CompoundSolverView.swift */,
			);
			path = "Compound Calculator";
			sourceTree = "<group>";
		};
		9C213B6427B2E673000F91C0 /* Double Calculator */ = {
			isa = PBXGroup;
			children = (
				9C6FA7FF279F4D8F00139F20 /* DoubleView.swift */,
				9C83921A27A5D45C00C9F2C4 /* DoubleHistoryView.swift */,
				9C83921C27A5D4BF00C9F2C4 /* SaveDoubles.swift */,
			);
			path = "Double Calculator";
			sourceTree = "<group>";
		};
		9C213B6627B2E6CC000F91C0 /* Other Calculators */ = {
			isa = PBXGroup;
			children = (
				9CDC04442803409A00C80B22 /* Percent */,
				9CDC04432803408900C80B22 /* Debt */,
				9C213B6927B46788000F91C0 /* Simple Interest Calculator */,
				9C213B6427B2E673000F91C0 /* Double Calculator */,
				9C6FA801279F4DDA00139F20 /* FormulaView.swift */,
				9C213B5927B2E10E000F91C0 /* OtherCalcView.swift */,
				9C213B5D27B2E3DA000F91C0 /* CompoundTargetView.swift */,
				9CDC04452803419700C80B22 /* AnnualRateOfReturnView.swift */,
			);
			path = "Other Calculators";
			sourceTree = "<group>";
		};
		9C213B6927B46788000F91C0 /* Simple Interest Calculator */ = {
			isa = PBXGroup;
			children = (
				9C213B5B27B2E15C000F91C0 /* SimpleInterestView.swift */,
				9C213B6A27B467AD000F91C0 /* SaveSimple.swift */,
				9C213B6C27B467ED000F91C0 /* SimpleHistoryView.swift */,
			);
			path = "Simple Interest Calculator";
			sourceTree = "<group>";
		};
		9CDC04432803408900C80B22 /* Debt */ = {
			isa = PBXGroup;
			children = (
				9CD6518227FE85AB000FE1BC /* DebtCalcView.swift */,
			);
			path = Debt;
			sourceTree = "<group>";
		};
		9CDC04442803409A00C80B22 /* Percent */ = {
			isa = PBXGroup;
			children = (
				9C213B5F27B2E415000F91C0 /* PercentageGrowthView.swift */,
			);
			path = Percent;
			sourceTree = "<group>";
		};
		9CE0E14F26B741D000589891 = {
			isa = PBXGroup;
			children = (
				9CE0E15A26B741D000589891 /* Compound Solver */,
				9CE0E16D26BA219600589891 /* WatchCompound */,
				9CE0E17926BA219A00589891 /* WatchCompound Extension */,
				9CE0E15926B741D000589891 /* Products */,
				9CE0E19526BE35EC00589891 /* Frameworks */,
				22D46665B3E8AB2E3B717047 /* Pods */,
			);
			sourceTree = "<group>";
		};
		9CE0E15926B741D000589891 /* Products */ = {
			isa = PBXGroup;
			children = (
				9CE0E15826B741D000589891 /* Compound Solver.app */,
				9CE0E16C26BA219600589891 /* WatchCompound.app */,
				9CE0E17526BA219A00589891 /* WatchCompound Extension.appex */,
			);
			name = Products;
			sourceTree = "<group>";
		};
		9CE0E15A26B741D000589891 /* Compound Solver */ = {
			isa = PBXGroup;
			children = (
				9C213B6627B2E6CC000F91C0 /* Other Calculators */,
				9C213B6127B2E58F000F91C0 /* Compound Calculator */,
				9CE0E15B26B741D000589891 /* Compound_SolverApp.swift */,
				9CE0E15D26B741D000589891 /* ContentView.swift */,
				9CE0E15F26B741D400589891 /* Assets.xcassets */,
				9CE0E16426B741D400589891 /* Info.plist */,
				9CE0E16126B741D400589891 /* Preview Content */,
				9C6FA7FD279F4D1A00139F20 /* SettingMenuView.swift */,
				9C1F4A4927A075B0003003DA /* BannerAd.swift */,
				9C83921827A1F14500C9F2C4 /* ChartsEx.swift */,
				9C83923327AB2E9A00C9F2C4 /* Enums.swift */,
				9C213B6727B2E8A0000F91C0 /* SplashScreen.storyboard */,
				9C213B6F27B46F7F000F91C0 /* RequestReviewController.swift */,
			);
			path = "Compound Solver";
			sourceTree = "<group>";
		};
		9CE0E16126B741D400589891 /* Preview Content */ = {
			isa = PBXGroup;
			children = (
				9CE0E16226B741D400589891 /* Preview Assets.xcassets */,
			);
			path = "Preview Content";
			sourceTree = "<group>";
		};
		9CE0E16D26BA219600589891 /* WatchCompound */ = {
			isa = PBXGroup;
			children = (
				9CE0E16E26BA219A00589891 /* Assets.xcassets */,
				9CE0E17026BA219A00589891 /* Info.plist */,
			);
			path = WatchCompound;
			sourceTree = "<group>";
		};
		9CE0E17926BA219A00589891 /* WatchCompound Extension */ = {
			isa = PBXGroup;
			children = (
				9CE0E17A26BA219A00589891 /* ContentView.swift */,
				9CE0E17C26BA219A00589891 /* Compound_SolverApp.swift */,
				9CE0E18026BA219B00589891 /* Assets.xcassets */,
				9CE0E18526BA219B00589891 /* Info.plist */,
				9CE0E18226BA219B00589891 /* Preview Content */,
			);
			path = "WatchCompound Extension";
			sourceTree = "<group>";
		};
		9CE0E18226BA219B00589891 /* Preview Content */ = {
			isa = PBXGroup;
			children = (
				9CE0E18326BA219B00589891 /* Preview Assets.xcassets */,
			);
			path = "Preview Content";
			sourceTree = "<group>";
		};
		9CE0E19526BE35EC00589891 /* Frameworks */ = {
			isa = PBXGroup;
			children = (
				490715EB0D9BF61AD391F022 /* Pods_Compound_Solver.framework */,
				4D7DA795DE52771C18E3F194 /* Pods_WatchCompound.framework */,
				BBCA8C560DA054F50EB80088 /* Pods_WatchCompound_Extension.framework */,
			);
			name = Frameworks;
			sourceTree = "<group>";
		};
/* End PBXGroup section */

/* Begin PBXNativeTarget section */
		9CE0E15726B741D000589891 /* Compound Solver */ = {
			isa = PBXNativeTarget;
			buildConfigurationList = 9CE0E16726B741D400589891 /* Build configuration list for PBXNativeTarget "Compound Solver" */;
			buildPhases = (
				0844B8C7EB0CB582CE2392F4 /* [CP] Check Pods Manifest.lock */,
				9CE0E15426B741D000589891 /* Sources */,
				9CE0E15526B741D000589891 /* Frameworks */,
				9CE0E15626B741D000589891 /* Resources */,
				9CE0E19026BA219B00589891 /* Embed Watch Content */,
			);
			buildRules = (
			);
			dependencies = (
				9CE0E18726BA219B00589891 /* PBXTargetDependency */,
			);
			name = "Compound Solver";
			packageProductDependencies = (
				9C6FA7FB279F479000139F20 /* Charts */,
			);
			productName = "Compound Solver";
			productReference = 9CE0E15826B741D000589891 /* Compound Solver.app */;
			productType = "com.apple.product-type.application";
		};
		9CE0E16B26BA219600589891 /* WatchCompound */ = {
			isa = PBXNativeTarget;
			buildConfigurationList = 9CE0E18D26BA219B00589891 /* Build configuration list for PBXNativeTarget "WatchCompound" */;
			buildPhases = (
				3CF3B6646BB2C2FC07DDDA3B /* [CP] Check Pods Manifest.lock */,
				9CE0E16A26BA219600589891 /* Resources */,
				9CE0E18C26BA219B00589891 /* Embed App Extensions */,
				870A7CBE5BDAD5E0BD032C51 /* Frameworks */,
			);
			buildRules = (
			);
			dependencies = (
				9CE0E17826BA219A00589891 /* PBXTargetDependency */,
			);
			name = WatchCompound;
			productName = WatchCompound;
			productReference = 9CE0E16C26BA219600589891 /* WatchCompound.app */;
			productType = "com.apple.product-type.application.watchapp2";
		};
		9CE0E17426BA219A00589891 /* WatchCompound Extension */ = {
			isa = PBXNativeTarget;
			buildConfigurationList = 9CE0E18926BA219B00589891 /* Build configuration list for PBXNativeTarget "WatchCompound Extension" */;
			buildPhases = (
				89BD2409B62C94F8908793D8 /* [CP] Check Pods Manifest.lock */,
				9CE0E17126BA219A00589891 /* Sources */,
				9CE0E17226BA219A00589891 /* Frameworks */,
				9CE0E17326BA219A00589891 /* Resources */,
			);
			buildRules = (
			);
			dependencies = (
			);
			name = "WatchCompound Extension";
			packageProductDependencies = (
				9C83922327A8590100C9F2C4 /* SwiftUI Apple Watch Decimal Pad */,
			);
			productName = "WatchCompound Extension";
			productReference = 9CE0E17526BA219A00589891 /* WatchCompound Extension.appex */;
			productType = "com.apple.product-type.watchkit2-extension";
		};
/* End PBXNativeTarget section */

/* Begin PBXProject section */
		9CE0E15026B741D000589891 /* Project object */ = {
			isa = PBXProject;
			attributes = {
				LastSwiftUpdateCheck = 1250;
				LastUpgradeCheck = 1250;
				TargetAttributes = {
					9CE0E15726B741D000589891 = {
						CreatedOnToolsVersion = 12.5.1;
					};
					9CE0E16B26BA219600589891 = {
						CreatedOnToolsVersion = 12.5.1;
					};
					9CE0E17426BA219A00589891 = {
						CreatedOnToolsVersion = 12.5.1;
					};
				};
			};
			buildConfigurationList = 9CE0E15326B741D000589891 /* Build configuration list for PBXProject "Compound Solver" */;
			compatibilityVersion = "Xcode 9.3";
			developmentRegion = en;
			hasScannedForEncodings = 0;
			knownRegions = (
				en,
				Base,
			);
			mainGroup = 9CE0E14F26B741D000589891;
			packageReferences = (
				9C6FA7FA279F479000139F20 /* XCRemoteSwiftPackageReference "swiftui-charts" */,
				9C83922027A858AE00C9F2C4 /* XCRemoteSwiftPackageReference "SwiftUI-Apple-Watch-Decimal-Pad" */,
			);
			productRefGroup = 9CE0E15926B741D000589891 /* Products */;
			projectDirPath = "";
			projectRoot = "";
			targets = (
				9CE0E15726B741D000589891 /* Compound Solver */,
				9CE0E16B26BA219600589891 /* WatchCompound */,
				9CE0E17426BA219A00589891 /* WatchCompound Extension */,
			);
		};
/* End PBXProject section */

/* Begin PBXResourcesBuildPhase section */
		9CE0E15626B741D000589891 /* Resources */ = {
			isa = PBXResourcesBuildPhase;
			buildActionMask = 2147483647;
			files = (
				9CE0E16326B741D400589891 /* Preview Assets.xcassets in Resources */,
				9C213B6827B2E8A0000F91C0 /* SplashScreen.storyboard in Resources */,
				9CE0E16026B741D400589891 /* Assets.xcassets in Resources */,
			);
			runOnlyForDeploymentPostprocessing = 0;
		};
		9CE0E16A26BA219600589891 /* Resources */ = {
			isa = PBXResourcesBuildPhase;
			buildActionMask = 2147483647;
			files = (
				9CE0E16F26BA219A00589891 /* Assets.xcassets in Resources */,
			);
			runOnlyForDeploymentPostprocessing = 0;
		};
		9CE0E17326BA219A00589891 /* Resources */ = {
			isa = PBXResourcesBuildPhase;
			buildActionMask = 2147483647;
			files = (
				9CE0E18426BA219B00589891 /* Preview Assets.xcassets in Resources */,
				9CE0E18126BA219B00589891 /* Assets.xcassets in Resources */,
			);
			runOnlyForDeploymentPostprocessing = 0;
		};
/* End PBXResourcesBuildPhase section */

/* Begin PBXShellScriptBuildPhase section */
		0844B8C7EB0CB582CE2392F4 /* [CP] Check Pods Manifest.lock */ = {
			isa = PBXShellScriptBuildPhase;
			buildActionMask = 2147483647;
			files = (
			);
			inputFileListPaths = (
			);
			inputPaths = (
				"${PODS_PODFILE_DIR_PATH}/Podfile.lock",
				"${PODS_ROOT}/Manifest.lock",
			);
			name = "[CP] Check Pods Manifest.lock";
			outputFileListPaths = (
			);
			outputPaths = (
				"$(DERIVED_FILE_DIR)/Pods-Compound Solver-checkManifestLockResult.txt",
			);
			runOnlyForDeploymentPostprocessing = 0;
			shellPath = /bin/sh;
			shellScript = "diff \"${PODS_PODFILE_DIR_PATH}/Podfile.lock\" \"${PODS_ROOT}/Manifest.lock\" > /dev/null\nif [ $? != 0 ] ; then\n    # print error to STDERR\n    echo \"error: The sandbox is not in sync with the Podfile.lock. Run 'pod install' or update your CocoaPods installation.\" >&2\n    exit 1\nfi\n# This output is used by Xcode 'outputs' to avoid re-running this script phase.\necho \"SUCCESS\" > \"${SCRIPT_OUTPUT_FILE_0}\"\n";
			showEnvVarsInLog = 0;
		};
		3CF3B6646BB2C2FC07DDDA3B /* [CP] Check Pods Manifest.lock */ = {
			isa = PBXShellScriptBuildPhase;
			buildActionMask = 2147483647;
			files = (
			);
			inputFileListPaths = (
			);
			inputPaths = (
				"${PODS_PODFILE_DIR_PATH}/Podfile.lock",
				"${PODS_ROOT}/Manifest.lock",
			);
			name = "[CP] Check Pods Manifest.lock";
			outputFileListPaths = (
			);
			outputPaths = (
				"$(DERIVED_FILE_DIR)/Pods-WatchCompound-checkManifestLockResult.txt",
			);
			runOnlyForDeploymentPostprocessing = 0;
			shellPath = /bin/sh;
			shellScript = "diff \"${PODS_PODFILE_DIR_PATH}/Podfile.lock\" \"${PODS_ROOT}/Manifest.lock\" > /dev/null\nif [ $? != 0 ] ; then\n    # print error to STDERR\n    echo \"error: The sandbox is not in sync with the Podfile.lock. Run 'pod install' or update your CocoaPods installation.\" >&2\n    exit 1\nfi\n# This output is used by Xcode 'outputs' to avoid re-running this script phase.\necho \"SUCCESS\" > \"${SCRIPT_OUTPUT_FILE_0}\"\n";
			showEnvVarsInLog = 0;
		};
		89BD2409B62C94F8908793D8 /* [CP] Check Pods Manifest.lock */ = {
			isa = PBXShellScriptBuildPhase;
			buildActionMask = 2147483647;
			files = (
			);
			inputFileListPaths = (
			);
			inputPaths = (
				"${PODS_PODFILE_DIR_PATH}/Podfile.lock",
				"${PODS_ROOT}/Manifest.lock",
			);
			name = "[CP] Check Pods Manifest.lock";
			outputFileListPaths = (
			);
			outputPaths = (
				"$(DERIVED_FILE_DIR)/Pods-WatchCompound Extension-checkManifestLockResult.txt",
			);
			runOnlyForDeploymentPostprocessing = 0;
			shellPath = /bin/sh;
			shellScript = "diff \"${PODS_PODFILE_DIR_PATH}/Podfile.lock\" \"${PODS_ROOT}/Manifest.lock\" > /dev/null\nif [ $? != 0 ] ; then\n    # print error to STDERR\n    echo \"error: The sandbox is not in sync with the Podfile.lock. Run 'pod install' or update your CocoaPods installation.\" >&2\n    exit 1\nfi\n# This output is used by Xcode 'outputs' to avoid re-running this script phase.\necho \"SUCCESS\" > \"${SCRIPT_OUTPUT_FILE_0}\"\n";
			showEnvVarsInLog = 0;
		};
/* End PBXShellScriptBuildPhase section */

/* Begin PBXSourcesBuildPhase section */
		9CE0E15426B741D000589891 /* Sources */ = {
			isa = PBXSourcesBuildPhase;
			buildActionMask = 2147483647;
			files = (
				9C213B5C27B2E15C000F91C0 /* SimpleInterestView.swift in Sources */,
				9C83921927A1F14500C9F2C4 /* ChartsEx.swift in Sources */,
				9C83921D27A5D4BF00C9F2C4 /* SaveDoubles.swift in Sources */,
				9C6FA804279F501E00139F20 /* CompoundSolverView.swift in Sources */,
				9C213B7027B46F7F000F91C0 /* RequestReviewController.swift in Sources */,
				9CDC04462803419700C80B22 /* AnnualRateOfReturnView.swift in Sources */,
				9C6FA808279F5C1900139F20 /* CompoundHistoryView.swift in Sources */,
				9C6FA806279F5B1D00139F20 /* YearlyValuesView.swift in Sources */,
				9C213B6027B2E415000F91C0 /* PercentageGrowthView.swift in Sources */,
				9C6FA828279F906200139F20 /* SaveCompounds.swift in Sources */,
				9C213B6E27B46AD3000F91C0 /* SaveSimple.swift in Sources */,
				9CD6518327FE85AB000FE1BC /* DebtCalcView.swift in Sources */,
				9C6FA826279F8C7B00139F20 /* CompoundCalculationModel.swift in Sources */,
				9CE0E15E26B741D000589891 /* ContentView.swift in Sources */,
				9C1F4A4A27A075B0003003DA /* BannerAd.swift in Sources */,
				9C83921B27A5D45C00C9F2C4 /* DoubleHistoryView.swift in Sources */,
				9C6FA800279F4D8F00139F20 /* DoubleView.swift in Sources */,
				9C6FA7FE279F4D1A00139F20 /* SettingMenuView.swift in Sources */,
				9C6FA802279F4DDA00139F20 /* FormulaView.swift in Sources */,
				9C213B5E27B2E3DA000F91C0 /* CompoundTargetView.swift in Sources */,
				9C83923427AB2E9A00C9F2C4 /* Enums.swift in Sources */,
				9C213B5A27B2E10E000F91C0 /* OtherCalcView.swift in Sources */,
				9CE0E15C26B741D000589891 /* Compound_SolverApp.swift in Sources */,
			);
			runOnlyForDeploymentPostprocessing = 0;
		};
		9CE0E17126BA219A00589891 /* Sources */ = {
			isa = PBXSourcesBuildPhase;
			buildActionMask = 2147483647;
			files = (
				9CE0E17B26BA219A00589891 /* ContentView.swift in Sources */,
				9C83923527AB2EAB00C9F2C4 /* Enums.swift in Sources */,
				9C213B6327B2E60B000F91C0 /* CompoundCalculationModel.swift in Sources */,
				9CBAB9C627EBAE83004D2D4F /* SaveSimple.swift in Sources */,
				9CE0E17D26BA219A00589891 /* Compound_SolverApp.swift in Sources */,
			);
			runOnlyForDeploymentPostprocessing = 0;
		};
/* End PBXSourcesBuildPhase section */

/* Begin PBXTargetDependency section */
		9CE0E17826BA219A00589891 /* PBXTargetDependency */ = {
			isa = PBXTargetDependency;
			target = 9CE0E17426BA219A00589891 /* WatchCompound Extension */;
			targetProxy = 9CE0E17726BA219A00589891 /* PBXContainerItemProxy */;
		};
		9CE0E18726BA219B00589891 /* PBXTargetDependency */ = {
			isa = PBXTargetDependency;
			target = 9CE0E16B26BA219600589891 /* WatchCompound */;
			targetProxy = 9CE0E18626BA219B00589891 /* PBXContainerItemProxy */;
		};
/* End PBXTargetDependency section */

/* Begin XCBuildConfiguration section */
		9CE0E16526B741D400589891 /* Debug */ = {
			isa = XCBuildConfiguration;
			buildSettings = {
				ALWAYS_SEARCH_USER_PATHS = NO;
				CLANG_ANALYZER_NONNULL = YES;
				CLANG_ANALYZER_NUMBER_OBJECT_CONVERSION = YES_AGGRESSIVE;
				CLANG_CXX_LANGUAGE_STANDARD = "gnu++14";
				CLANG_CXX_LIBRARY = "libc++";
				CLANG_ENABLE_MODULES = YES;
				CLANG_ENABLE_OBJC_ARC = YES;
				CLANG_ENABLE_OBJC_WEAK = YES;
				CLANG_WARN_BLOCK_CAPTURE_AUTORELEASING = YES;
				CLANG_WARN_BOOL_CONVERSION = YES;
				CLANG_WARN_COMMA = YES;
				CLANG_WARN_CONSTANT_CONVERSION = YES;
				CLANG_WARN_DEPRECATED_OBJC_IMPLEMENTATIONS = YES;
				CLANG_WARN_DIRECT_OBJC_ISA_USAGE = YES_ERROR;
				CLANG_WARN_DOCUMENTATION_COMMENTS = YES;
				CLANG_WARN_EMPTY_BODY = YES;
				CLANG_WARN_ENUM_CONVERSION = YES;
				CLANG_WARN_INFINITE_RECURSION = YES;
				CLANG_WARN_INT_CONVERSION = YES;
				CLANG_WARN_NON_LITERAL_NULL_CONVERSION = YES;
				CLANG_WARN_OBJC_IMPLICIT_RETAIN_SELF = YES;
				CLANG_WARN_OBJC_LITERAL_CONVERSION = YES;
				CLANG_WARN_OBJC_ROOT_CLASS = YES_ERROR;
				CLANG_WARN_QUOTED_INCLUDE_IN_FRAMEWORK_HEADER = YES;
				CLANG_WARN_RANGE_LOOP_ANALYSIS = YES;
				CLANG_WARN_STRICT_PROTOTYPES = YES;
				CLANG_WARN_SUSPICIOUS_MOVE = YES;
				CLANG_WARN_UNGUARDED_AVAILABILITY = YES_AGGRESSIVE;
				CLANG_WARN_UNREACHABLE_CODE = YES;
				CLANG_WARN__DUPLICATE_METHOD_MATCH = YES;
				COPY_PHASE_STRIP = NO;
				DEBUG_INFORMATION_FORMAT = dwarf;
				ENABLE_STRICT_OBJC_MSGSEND = YES;
				ENABLE_TESTABILITY = YES;
				GCC_C_LANGUAGE_STANDARD = gnu11;
				GCC_DYNAMIC_NO_PIC = NO;
				GCC_NO_COMMON_BLOCKS = YES;
				GCC_OPTIMIZATION_LEVEL = 0;
				GCC_PREPROCESSOR_DEFINITIONS = (
					"DEBUG=1",
					"$(inherited)",
				);
				GCC_WARN_64_TO_32_BIT_CONVERSION = YES;
				GCC_WARN_ABOUT_RETURN_TYPE = YES_ERROR;
				GCC_WARN_UNDECLARED_SELECTOR = YES;
				GCC_WARN_UNINITIALIZED_AUTOS = YES_AGGRESSIVE;
				GCC_WARN_UNUSED_FUNCTION = YES;
				GCC_WARN_UNUSED_VARIABLE = YES;
				IPHONEOS_DEPLOYMENT_TARGET = 14.0;
				MTL_ENABLE_DEBUG_INFO = INCLUDE_SOURCE;
				MTL_FAST_MATH = YES;
				ONLY_ACTIVE_ARCH = YES;
				SDKROOT = iphoneos;
				SWIFT_ACTIVE_COMPILATION_CONDITIONS = DEBUG;
				SWIFT_OPTIMIZATION_LEVEL = "-Onone";
			};
			name = Debug;
		};
		9CE0E16626B741D400589891 /* Release */ = {
			isa = XCBuildConfiguration;
			buildSettings = {
				ALWAYS_SEARCH_USER_PATHS = NO;
				CLANG_ANALYZER_NONNULL = YES;
				CLANG_ANALYZER_NUMBER_OBJECT_CONVERSION = YES_AGGRESSIVE;
				CLANG_CXX_LANGUAGE_STANDARD = "gnu++14";
				CLANG_CXX_LIBRARY = "libc++";
				CLANG_ENABLE_MODULES = YES;
				CLANG_ENABLE_OBJC_ARC = YES;
				CLANG_ENABLE_OBJC_WEAK = YES;
				CLANG_WARN_BLOCK_CAPTURE_AUTORELEASING = YES;
				CLANG_WARN_BOOL_CONVERSION = YES;
				CLANG_WARN_COMMA = YES;
				CLANG_WARN_CONSTANT_CONVERSION = YES;
				CLANG_WARN_DEPRECATED_OBJC_IMPLEMENTATIONS = YES;
				CLANG_WARN_DIRECT_OBJC_ISA_USAGE = YES_ERROR;
				CLANG_WARN_DOCUMENTATION_COMMENTS = YES;
				CLANG_WARN_EMPTY_BODY = YES;
				CLANG_WARN_ENUM_CONVERSION = YES;
				CLANG_WARN_INFINITE_RECURSION = YES;
				CLANG_WARN_INT_CONVERSION = YES;
				CLANG_WARN_NON_LITERAL_NULL_CONVERSION = YES;
				CLANG_WARN_OBJC_IMPLICIT_RETAIN_SELF = YES;
				CLANG_WARN_OBJC_LITERAL_CONVERSION = YES;
				CLANG_WARN_OBJC_ROOT_CLASS = YES_ERROR;
				CLANG_WARN_QUOTED_INCLUDE_IN_FRAMEWORK_HEADER = YES;
				CLANG_WARN_RANGE_LOOP_ANALYSIS = YES;
				CLANG_WARN_STRICT_PROTOTYPES = YES;
				CLANG_WARN_SUSPICIOUS_MOVE = YES;
				CLANG_WARN_UNGUARDED_AVAILABILITY = YES_AGGRESSIVE;
				CLANG_WARN_UNREACHABLE_CODE = YES;
				CLANG_WARN__DUPLICATE_METHOD_MATCH = YES;
				COPY_PHASE_STRIP = NO;
				DEBUG_INFORMATION_FORMAT = "dwarf-with-dsym";
				ENABLE_NS_ASSERTIONS = NO;
				ENABLE_STRICT_OBJC_MSGSEND = YES;
				GCC_C_LANGUAGE_STANDARD = gnu11;
				GCC_NO_COMMON_BLOCKS = YES;
				GCC_WARN_64_TO_32_BIT_CONVERSION = YES;
				GCC_WARN_ABOUT_RETURN_TYPE = YES_ERROR;
				GCC_WARN_UNDECLARED_SELECTOR = YES;
				GCC_WARN_UNINITIALIZED_AUTOS = YES_AGGRESSIVE;
				GCC_WARN_UNUSED_FUNCTION = YES;
				GCC_WARN_UNUSED_VARIABLE = YES;
				IPHONEOS_DEPLOYMENT_TARGET = 14.0;
				MTL_ENABLE_DEBUG_INFO = NO;
				MTL_FAST_MATH = YES;
				SDKROOT = iphoneos;
				SWIFT_COMPILATION_MODE = wholemodule;
				SWIFT_OPTIMIZATION_LEVEL = "-O";
				VALIDATE_PRODUCT = YES;
			};
			name = Release;
		};
		9CE0E16826B741D400589891 /* Debug */ = {
			isa = XCBuildConfiguration;
			baseConfigurationReference = 3D16C26E65A9F65262F6DC79 /* Pods-Compound Solver.debug.xcconfig */;
			buildSettings = {
				ASSETCATALOG_COMPILER_APPICON_NAME = AppIcon;
				ASSETCATALOG_COMPILER_GLOBAL_ACCENT_COLOR_NAME = AccentColor;
				CODE_SIGN_STYLE = Automatic;
				CURRENT_PROJECT_VERSION = 1;
				DEVELOPMENT_ASSET_PATHS = "\"Compound Solver/Preview Content\"";
				DEVELOPMENT_TEAM = Y46ZFSQQF3;
				ENABLE_PREVIEWS = YES;
				INFOPLIST_FILE = "Compound Solver/Info.plist";
				IPHONEOS_DEPLOYMENT_TARGET = 14.0;
				LD_RUNPATH_SEARCH_PATHS = (
					"$(inherited)",
					"@executable_path/Frameworks",
				);
				MARKETING_VERSION = 1.4;
				PRODUCT_BUNDLE_IDENTIFIER = "com.SeanCoughlin.Compound-Solver";
				PRODUCT_NAME = "$(TARGET_NAME)";
				SWIFT_VERSION = 5.0;
				TARGETED_DEVICE_FAMILY = "1,2";
			};
			name = Debug;
		};
		9CE0E16926B741D400589891 /* Release */ = {
			isa = XCBuildConfiguration;
			baseConfigurationReference = F55D75A0147474BBB05DC987 /* Pods-Compound Solver.release.xcconfig */;
			buildSettings = {
				ASSETCATALOG_COMPILER_APPICON_NAME = AppIcon;
				ASSETCATALOG_COMPILER_GLOBAL_ACCENT_COLOR_NAME = AccentColor;
				CODE_SIGN_STYLE = Automatic;
				CURRENT_PROJECT_VERSION = 1;
				DEVELOPMENT_ASSET_PATHS = "\"Compound Solver/Preview Content\"";
				DEVELOPMENT_TEAM = Y46ZFSQQF3;
				ENABLE_PREVIEWS = YES;
				INFOPLIST_FILE = "Compound Solver/Info.plist";
				IPHONEOS_DEPLOYMENT_TARGET = 14.0;
				LD_RUNPATH_SEARCH_PATHS = (
					"$(inherited)",
					"@executable_path/Frameworks",
				);
				MARKETING_VERSION = 1.4;
				PRODUCT_BUNDLE_IDENTIFIER = "com.SeanCoughlin.Compound-Solver";
				PRODUCT_NAME = "$(TARGET_NAME)";
				SWIFT_VERSION = 5.0;
				TARGETED_DEVICE_FAMILY = "1,2";
			};
			name = Release;
		};
		9CE0E18A26BA219B00589891 /* Debug */ = {
			isa = XCBuildConfiguration;
			baseConfigurationReference = 2D5C6A521C3D7D3E2A8563D5 /* Pods-WatchCompound Extension.debug.xcconfig */;
			buildSettings = {
				CODE_SIGN_STYLE = Automatic;
				CURRENT_PROJECT_VERSION = 1;
				DEVELOPMENT_ASSET_PATHS = "\"WatchCompound Extension/Preview Content\"";
				DEVELOPMENT_TEAM = Y46ZFSQQF3;
				ENABLE_PREVIEWS = YES;
				INFOPLIST_FILE = "WatchCompound Extension/Info.plist";
				LD_RUNPATH_SEARCH_PATHS = (
					"$(inherited)",
					"@executable_path/Frameworks",
					"@executable_path/../../Frameworks",
				);
				MARKETING_VERSION = 1.4;
				PRODUCT_BUNDLE_IDENTIFIER = "com.SeanCoughlin.Compound-Solver.watchkitapp.watchkitextension";
				PRODUCT_NAME = "${TARGET_NAME}";
				SDKROOT = watchos;
				SKIP_INSTALL = YES;
				SWIFT_VERSION = 5.0;
				TARGETED_DEVICE_FAMILY = 4;
				WATCHOS_DEPLOYMENT_TARGET = 7.4;
			};
			name = Debug;
		};
		9CE0E18B26BA219B00589891 /* Release */ = {
			isa = XCBuildConfiguration;
			baseConfigurationReference = 455A58009774117685B41C08 /* Pods-WatchCompound Extension.release.xcconfig */;
			buildSettings = {
				CODE_SIGN_STYLE = Automatic;
				CURRENT_PROJECT_VERSION = 1;
				DEVELOPMENT_ASSET_PATHS = "\"WatchCompound Extension/Preview Content\"";
				DEVELOPMENT_TEAM = Y46ZFSQQF3;
				ENABLE_PREVIEWS = YES;
				INFOPLIST_FILE = "WatchCompound Extension/Info.plist";
				LD_RUNPATH_SEARCH_PATHS = (
					"$(inherited)",
					"@executable_path/Frameworks",
					"@executable_path/../../Frameworks",
				);
				MARKETING_VERSION = 1.4;
				PRODUCT_BUNDLE_IDENTIFIER = "com.SeanCoughlin.Compound-Solver.watchkitapp.watchkitextension";
				PRODUCT_NAME = "${TARGET_NAME}";
				SDKROOT = watchos;
				SKIP_INSTALL = YES;
				SWIFT_VERSION = 5.0;
				TARGETED_DEVICE_FAMILY = 4;
				WATCHOS_DEPLOYMENT_TARGET = 7.4;
			};
			name = Release;
		};
		9CE0E18E26BA219B00589891 /* Debug */ = {
			isa = XCBuildConfiguration;
			baseConfigurationReference = 2E40A10573292D6CDECD138F /* Pods-WatchCompound.debug.xcconfig */;
			buildSettings = {
				ALWAYS_EMBED_SWIFT_STANDARD_LIBRARIES = YES;
				ASSETCATALOG_COMPILER_APPICON_NAME = AppIcon;
				ASSETCATALOG_COMPILER_GLOBAL_ACCENT_COLOR_NAME = AccentColor;
				CODE_SIGN_STYLE = Automatic;
				CURRENT_PROJECT_VERSION = 1;
				DEVELOPMENT_TEAM = Y46ZFSQQF3;
				IBSC_MODULE = WatchCompound_Extension;
				INFOPLIST_FILE = WatchCompound/Info.plist;
				MARKETING_VERSION = 1.4;
				PRODUCT_BUNDLE_IDENTIFIER = "com.SeanCoughlin.Compound-Solver.watchkitapp";
				PRODUCT_NAME = "$(TARGET_NAME)";
				SDKROOT = watchos;
				SKIP_INSTALL = YES;
				SWIFT_VERSION = 5.0;
				TARGETED_DEVICE_FAMILY = 4;
				WATCHOS_DEPLOYMENT_TARGET = 7.4;
			};
			name = Debug;
		};
		9CE0E18F26BA219B00589891 /* Release */ = {
			isa = XCBuildConfiguration;
			baseConfigurationReference = 1E20465EABA8F62B27F3506F /* Pods-WatchCompound.release.xcconfig */;
			buildSettings = {
				ALWAYS_EMBED_SWIFT_STANDARD_LIBRARIES = YES;
				ASSETCATALOG_COMPILER_APPICON_NAME = AppIcon;
				ASSETCATALOG_COMPILER_GLOBAL_ACCENT_COLOR_NAME = AccentColor;
				CODE_SIGN_STYLE = Automatic;
				CURRENT_PROJECT_VERSION = 1;
				DEVELOPMENT_TEAM = Y46ZFSQQF3;
				IBSC_MODULE = WatchCompound_Extension;
				INFOPLIST_FILE = WatchCompound/Info.plist;
				MARKETING_VERSION = 1.4;
				PRODUCT_BUNDLE_IDENTIFIER = "com.SeanCoughlin.Compound-Solver.watchkitapp";
				PRODUCT_NAME = "$(TARGET_NAME)";
				SDKROOT = watchos;
				SKIP_INSTALL = YES;
				SWIFT_VERSION = 5.0;
				TARGETED_DEVICE_FAMILY = 4;
				WATCHOS_DEPLOYMENT_TARGET = 7.4;
			};
			name = Release;
		};
/* End XCBuildConfiguration section */

/* Begin XCConfigurationList section */
		9CE0E15326B741D000589891 /* Build configuration list for PBXProject "Compound Solver" */ = {
			isa = XCConfigurationList;
			buildConfigurations = (
				9CE0E16526B741D400589891 /* Debug */,
				9CE0E16626B741D400589891 /* Release */,
			);
			defaultConfigurationIsVisible = 0;
			defaultConfigurationName = Release;
		};
		9CE0E16726B741D400589891 /* Build configuration list for PBXNativeTarget "Compound Solver" */ = {
			isa = XCConfigurationList;
			buildConfigurations = (
				9CE0E16826B741D400589891 /* Debug */,
				9CE0E16926B741D400589891 /* Release */,
			);
			defaultConfigurationIsVisible = 0;
			defaultConfigurationName = Release;
		};
		9CE0E18926BA219B00589891 /* Build configuration list for PBXNativeTarget "WatchCompound Extension" */ = {
			isa = XCConfigurationList;
			buildConfigurations = (
				9CE0E18A26BA219B00589891 /* Debug */,
				9CE0E18B26BA219B00589891 /* Release */,
			);
			defaultConfigurationIsVisible = 0;
			defaultConfigurationName = Release;
		};
		9CE0E18D26BA219B00589891 /* Build configuration list for PBXNativeTarget "WatchCompound" */ = {
			isa = XCConfigurationList;
			buildConfigurations = (
				9CE0E18E26BA219B00589891 /* Debug */,
				9CE0E18F26BA219B00589891 /* Release */,
			);
			defaultConfigurationIsVisible = 0;
			defaultConfigurationName = Release;
		};
/* End XCConfigurationList section */

/* Begin XCRemoteSwiftPackageReference section */
		9C6FA7FA279F479000139F20 /* XCRemoteSwiftPackageReference "swiftui-charts" */ = {
			isa = XCRemoteSwiftPackageReference;
			repositoryURL = "https://github.com/spacenation/swiftui-charts";
			requirement = {
				kind = upToNextMajorVersion;
				minimumVersion = 1.0.0;
			};
		};
		9C83922027A858AE00C9F2C4 /* XCRemoteSwiftPackageReference "SwiftUI-Apple-Watch-Decimal-Pad" */ = {
			isa = XCRemoteSwiftPackageReference;
			repositoryURL = "https://github.com/ApplebaumIan/SwiftUI-Apple-Watch-Decimal-Pad.git";
			requirement = {
				kind = upToNextMajorVersion;
				minimumVersion = 1.0.0;
			};
		};
/* End XCRemoteSwiftPackageReference section */

/* Begin XCSwiftPackageProductDependency section */
		9C6FA7FB279F479000139F20 /* Charts */ = {
			isa = XCSwiftPackageProductDependency;
			package = 9C6FA7FA279F479000139F20 /* XCRemoteSwiftPackageReference "swiftui-charts" */;
			productName = Charts;
		};
		9C83922327A8590100C9F2C4 /* SwiftUI Apple Watch Decimal Pad */ = {
			isa = XCSwiftPackageProductDependency;
			package = 9C83922027A858AE00C9F2C4 /* XCRemoteSwiftPackageReference "SwiftUI-Apple-Watch-Decimal-Pad" */;
			productName = "SwiftUI Apple Watch Decimal Pad";
		};
/* End XCSwiftPackageProductDependency section */
	};
	rootObject = 9CE0E15026B741D000589891 /* Project object */;
}
