// !$*UTF8*$!
{
	archiveVersion = 1;
	classes = {
	};
	objectVersion = 50;
	objects = {

/* Begin PBXBuildFile section */
		9C2F97A425E8B666003BCC5A /* AppDelegate.swift in Sources */ = {isa = PBXBuildFile; fileRef = 9C2F97A325E8B666003BCC5A /* AppDelegate.swift */; };
		9C2F97A625E8B666003BCC5A /* SceneDelegate.swift in Sources */ = {isa = PBXBuildFile; fileRef = 9C2F97A525E8B666003BCC5A /* SceneDelegate.swift */; };
		9C2F97A825E8B666003BCC5A /* EmojiMemoryGameView.swift in Sources */ = {isa = PBXBuildFile; fileRef = 9C2F97A725E8B666003BCC5A /* EmojiMemoryGameView.swift */; };
		9C2F97AA25E8B667003BCC5A /* Assets.xcassets in Resources */ = {isa = PBXBuildFile; fileRef = 9C2F97A925E8B667003BCC5A /* Assets.xcassets */; };
		9C2F97AD25E8B667003BCC5A /* Preview Assets.xcassets in Resources */ = {isa = PBXBuildFile; fileRef = 9C2F97AC25E8B667003BCC5A /* Preview Assets.xcassets */; };
		9C2F97B025E8B667003BCC5A /* LaunchScreen.storyboard in Resources */ = {isa = PBXBuildFile; fileRef = 9C2F97AE25E8B667003BCC5A /* LaunchScreen.storyboard */; };
		9C2F97BC25E8B6E3003BCC5A /* EmojiMemoryGame.swift in Sources */ = {isa = PBXBuildFile; fileRef = 9C2F97BB25E8B6E3003BCC5A /* EmojiMemoryGame.swift */; };
		9C2F97BF25E8B6FB003BCC5A /* MemoryGame.swift in Sources */ = {isa = PBXBuildFile; fileRef = 9C2F97BE25E8B6FB003BCC5A /* MemoryGame.swift */; };
/* End PBXBuildFile section */

/* Begin PBXFileReference section */
		9C2F97A025E8B666003BCC5A /* Memorize V2.app */ = {isa = PBXFileReference; explicitFileType = wrapper.application; includeInIndex = 0; path = "Memorize V2.app"; sourceTree = BUILT_PRODUCTS_DIR; };
		9C2F97A325E8B666003BCC5A /* AppDelegate.swift */ = {isa = PBXFileReference; lastKnownFileType = sourcecode.swift; path = AppDelegate.swift; sourceTree = "<group>"; };
		9C2F97A525E8B666003BCC5A /* SceneDelegate.swift */ = {isa = PBXFileReference; lastKnownFileType = sourcecode.swift; path = SceneDelegate.swift; sourceTree = "<group>"; };
		9C2F97A725E8B666003BCC5A /* EmojiMemoryGameView.swift */ = {isa = PBXFileReference; lastKnownFileType = sourcecode.swift; path = EmojiMemoryGameView.swift; sourceTree = "<group>"; };
		9C2F97A925E8B667003BCC5A /* Assets.xcassets */ = {isa = PBXFileReference; lastKnownFileType = folder.assetcatalog; path = Assets.xcassets; sourceTree = "<group>"; };
		9C2F97AC25E8B667003BCC5A /* Preview Assets.xcassets */ = {isa = PBXFileReference; lastKnownFileType = folder.assetcatalog; path = "Preview Assets.xcassets"; sourceTree = "<group>"; };
		9C2F97AF25E8B667003BCC5A /* Base */ = {isa = PBXFileReference; lastKnownFileType = file.storyboard; name = Base; path = Base.lproj/LaunchScreen.storyboard; sourceTree = "<group>"; };
		9C2F97B125E8B667003BCC5A /* Info.plist */ = {isa = PBXFileReference; lastKnownFileType = text.plist.xml; path = Info.plist; sourceTree = "<group>"; };
		9C2F97BB25E8B6E3003BCC5A /* EmojiMemoryGame.swift */ = {isa = PBXFileReference; lastKnownFileType = sourcecode.swift; path = EmojiMemoryGame.swift; sourceTree = "<group>"; };
		9C2F97BE25E8B6FB003BCC5A /* MemoryGame.swift */ = {isa = PBXFileReference; lastKnownFileType = sourcecode.swift; path = MemoryGame.swift; sourceTree = "<group>"; };
/* End PBXFileReference section */

/* Begin PBXFrameworksBuildPhase section */
		9C2F979D25E8B666003BCC5A /* Frameworks */ = {
			isa = PBXFrameworksBuildPhase;
			buildActionMask = 2147483647;
			files = (
			);
			runOnlyForDeploymentPostprocessing = 0;
		};
/* End PBXFrameworksBuildPhase section */

/* Begin PBXGroup section */
		9C2F979725E8B666003BCC5A = {
			isa = PBXGroup;
			children = (
				9C2F97A225E8B666003BCC5A /* Memorize V2 */,
				9C2F97A125E8B666003BCC5A /* Products */,
			);
			sourceTree = "<group>";
		};
		9C2F97A125E8B666003BCC5A /* Products */ = {
			isa = PBXGroup;
			children = (
				9C2F97A025E8B666003BCC5A /* Memorize V2.app */,
			);
			name = Products;
			sourceTree = "<group>";
		};
		9C2F97A225E8B666003BCC5A /* Memorize V2 */ = {
			isa = PBXGroup;
			children = (
				9C2F97A325E8B666003BCC5A /* AppDelegate.swift */,
				9C2F97A525E8B666003BCC5A /* SceneDelegate.swift */,
				9C2F97A725E8B666003BCC5A /* EmojiMemoryGameView.swift */,
				9C2F97BB25E8B6E3003BCC5A /* EmojiMemoryGame.swift */,
				9C2F97BE25E8B6FB003BCC5A /* MemoryGame.swift */,
				9C2F97A925E8B667003BCC5A /* Assets.xcassets */,
				9C2F97AE25E8B667003BCC5A /* LaunchScreen.storyboard */,
				9C2F97B125E8B667003BCC5A /* Info.plist */,
				9C2F97AB25E8B667003BCC5A /* Preview Content */,
			);
			path = "Memorize V2";
			sourceTree = "<group>";
		};
		9C2F97AB25E8B667003BCC5A /* Preview Content */ = {
			isa = PBXGroup;
			children = (
				9C2F97AC25E8B667003BCC5A /* Preview Assets.xcassets */,
			);
			path = "Preview Content";
			sourceTree = "<group>";
		};
/* End PBXGroup section */

/* Begin PBXNativeTarget section */
		9C2F979F25E8B666003BCC5A /* Memorize V2 */ = {
			isa = PBXNativeTarget;
			buildConfigurationList = 9C2F97B425E8B667003BCC5A /* Build configuration list for PBXNativeTarget "Memorize V2" */;
			buildPhases = (
				9C2F979C25E8B666003BCC5A /* Sources */,
				9C2F979D25E8B666003BCC5A /* Frameworks */,
				9C2F979E25E8B666003BCC5A /* Resources */,
			);
			buildRules = (
			);
			dependencies = (
			);
			name = "Memorize V2";
			productName = "Memorize V2";
			productReference = 9C2F97A025E8B666003BCC5A /* Memorize V2.app */;
			productType = "com.apple.product-type.application";
		};
/* End PBXNativeTarget section */

/* Begin PBXProject section */
		9C2F979825E8B666003BCC5A /* Project object */ = {
			isa = PBXProject;
			attributes = {
				LastSwiftUpdateCheck = 1240;
				LastUpgradeCheck = 1240;
				TargetAttributes = {
					9C2F979F25E8B666003BCC5A = {
						CreatedOnToolsVersion = 12.4;
					};
				};
			};
			buildConfigurationList = 9C2F979B25E8B666003BCC5A /* Build configuration list for PBXProject "Memorize V2" */;
			compatibilityVersion = "Xcode 9.3";
			developmentRegion = en;
			hasScannedForEncodings = 0;
			knownRegions = (
				en,
				Base,
			);
			mainGroup = 9C2F979725E8B666003BCC5A;
			productRefGroup = 9C2F97A125E8B666003BCC5A /* Products */;
			projectDirPath = "";
			projectRoot = "";
			targets = (
				9C2F979F25E8B666003BCC5A /* Memorize V2 */,
			);
		};
/* End PBXProject section */

/* Begin PBXResourcesBuildPhase section */
		9C2F979E25E8B666003BCC5A /* Resources */ = {
			isa = PBXResourcesBuildPhase;
			buildActionMask = 2147483647;
			files = (
				9C2F97B025E8B667003BCC5A /* LaunchScreen.storyboard in Resources */,
				9C2F97AD25E8B667003BCC5A /* Preview Assets.xcassets in Resources */,
				9C2F97AA25E8B667003BCC5A /* Assets.xcassets in Resources */,
			);
			runOnlyForDeploymentPostprocessing = 0;
		};
/* End PBXResourcesBuildPhase section */

/* Begin PBXSourcesBuildPhase section */
		9C2F979C25E8B666003BCC5A /* Sources */ = {
			isa = PBXSourcesBuildPhase;
			buildActionMask = 2147483647;
			files = (
				9C2F97BF25E8B6FB003BCC5A /* MemoryGame.swift in Sources */,
				9C2F97A425E8B666003BCC5A /* AppDelegate.swift in Sources */,
				9C2F97A625E8B666003BCC5A /* SceneDelegate.swift in Sources */,
				9C2F97A825E8B666003BCC5A /* EmojiMemoryGameView.swift in Sources */,
				9C2F97BC25E8B6E3003BCC5A /* EmojiMemoryGame.swift in Sources */,
			);
			runOnlyForDeploymentPostprocessing = 0;
		};
/* End PBXSourcesBuildPhase section */

/* Begin PBXVariantGroup section */
		9C2F97AE25E8B667003BCC5A /* LaunchScreen.storyboard */ = {
			isa = PBXVariantGroup;
			children = (
				9C2F97AF25E8B667003BCC5A /* Base */,
			);
			name = LaunchScreen.storyboard;
			sourceTree = "<group>";
		};
/* End PBXVariantGroup section */

/* Begin XCBuildConfiguration section */
		9C2F97B225E8B667003BCC5A /* Debug */ = {
			isa = XCBuildConfiguration;
			buildSettings = {
				ALWAYS_SEARCH_USER_PATHS = NO;
				CLANG_ANALYZER_NONNULL = YES;
				CLANG_ANALYZER_NUMBER_OBJECT_CONVERSION = YES_AGGRESSIVE;
				CLANG_CXX_LANGUAGE_STANDARD = "gnu++14";
				CLANG_CXX_LIBRARY = "libc++";
				CLANG_ENABLE_MODULES = YES;
				CLANG_ENABLE_OBJC_ARC = YES;
				CLANG_ENABLE_OBJC_WEAK = YES;
				CLANG_WARN_BLOCK_CAPTURE_AUTORELEASING = YES;
				CLANG_WARN_BOOL_CONVERSION = YES;
				CLANG_WARN_COMMA = YES;
				CLANG_WARN_CONSTANT_CONVERSION = YES;
				CLANG_WARN_DEPRECATED_OBJC_IMPLEMENTATIONS = YES;
				CLANG_WARN_DIRECT_OBJC_ISA_USAGE = YES_ERROR;
				CLANG_WARN_DOCUMENTATION_COMMENTS = YES;
				CLANG_WARN_EMPTY_BODY = YES;
				CLANG_WARN_ENUM_CONVERSION = YES;
				CLANG_WARN_INFINITE_RECURSION = YES;
				CLANG_WARN_INT_CONVERSION = YES;
				CLANG_WARN_NON_LITERAL_NULL_CONVERSION = YES;
				CLANG_WARN_OBJC_IMPLICIT_RETAIN_SELF = YES;
				CLANG_WARN_OBJC_LITERAL_CONVERSION = YES;
				CLANG_WARN_OBJC_ROOT_CLASS = YES_ERROR;
				CLANG_WARN_QUOTED_INCLUDE_IN_FRAMEWORK_HEADER = YES;
				CLANG_WARN_RANGE_LOOP_ANALYSIS = YES;
				CLANG_WARN_STRICT_PROTOTYPES = YES;
				CLANG_WARN_SUSPICIOUS_MOVE = YES;
				CLANG_WARN_UNGUARDED_AVAILABILITY = YES_AGGRESSIVE;
				CLANG_WARN_UNREACHABLE_CODE = YES;
				CLANG_WARN__DUPLICATE_METHOD_MATCH = YES;
				COPY_PHASE_STRIP = NO;
				DEBUG_INFORMATION_FORMAT = dwarf;
				ENABLE_STRICT_OBJC_MSGSEND = YES;
				ENABLE_TESTABILITY = YES;
				GCC_C_LANGUAGE_STANDARD = gnu11;
				GCC_DYNAMIC_NO_PIC = NO;
				GCC_NO_COMMON_BLOCKS = YES;
				GCC_OPTIMIZATION_LEVEL = 0;
				GCC_PREPROCESSOR_DEFINITIONS = (
					"DEBUG=1",
					"$(inherited)",
				);
				GCC_WARN_64_TO_32_BIT_CONVERSION = YES;
				GCC_WARN_ABOUT_RETURN_TYPE = YES_ERROR;
				GCC_WARN_UNDECLARED_SELECTOR = YES;
				GCC_WARN_UNINITIALIZED_AUTOS = YES_AGGRESSIVE;
				GCC_WARN_UNUSED_FUNCTION = YES;
				GCC_WARN_UNUSED_VARIABLE = YES;
				IPHONEOS_DEPLOYMENT_TARGET = 14.4;
				MTL_ENABLE_DEBUG_INFO = INCLUDE_SOURCE;
				MTL_FAST_MATH = YES;
				ONLY_ACTIVE_ARCH = YES;
				SDKROOT = iphoneos;
				SWIFT_ACTIVE_COMPILATION_CONDITIONS = DEBUG;
				SWIFT_OPTIMIZATION_LEVEL = "-Onone";
			};
			name = Debug;
		};
		9C2F97B325E8B667003BCC5A /* Release */ = {
			isa = XCBuildConfiguration;
			buildSettings = {
				ALWAYS_SEARCH_USER_PATHS = NO;
				CLANG_ANALYZER_NONNULL = YES;
				CLANG_ANALYZER_NUMBER_OBJECT_CONVERSION = YES_AGGRESSIVE;
				CLANG_CXX_LANGUAGE_STANDARD = "gnu++14";
				CLANG_CXX_LIBRARY = "libc++";
				CLANG_ENABLE_MODULES = YES;
				CLANG_ENABLE_OBJC_ARC = YES;
				CLANG_ENABLE_OBJC_WEAK = YES;
				CLANG_WARN_BLOCK_CAPTURE_AUTORELEASING = YES;
				CLANG_WARN_BOOL_CONVERSION = YES;
				CLANG_WARN_COMMA = YES;
				CLANG_WARN_CONSTANT_CONVERSION = YES;
				CLANG_WARN_DEPRECATED_OBJC_IMPLEMENTATIONS = YES;
				CLANG_WARN_DIRECT_OBJC_ISA_USAGE = YES_ERROR;
				CLANG_WARN_DOCUMENTATION_COMMENTS = YES;
				CLANG_WARN_EMPTY_BODY = YES;
				CLANG_WARN_ENUM_CONVERSION = YES;
				CLANG_WARN_INFINITE_RECURSION = YES;
				CLANG_WARN_INT_CONVERSION = YES;
				CLANG_WARN_NON_LITERAL_NULL_CONVERSION = YES;
				CLANG_WARN_OBJC_IMPLICIT_RETAIN_SELF = YES;
				CLANG_WARN_OBJC_LITERAL_CONVERSION = YES;
				CLANG_WARN_OBJC_ROOT_CLASS = YES_ERROR;
				CLANG_WARN_QUOTED_INCLUDE_IN_FRAMEWORK_HEADER = YES;
				CLANG_WARN_RANGE_LOOP_ANALYSIS = YES;
				CLANG_WARN_STRICT_PROTOTYPES = YES;
				CLANG_WARN_SUSPICIOUS_MOVE = YES;
				CLANG_WARN_UNGUARDED_AVAILABILITY = YES_AGGRESSIVE;
				CLANG_WARN_UNREACHABLE_CODE = YES;
				CLANG_WARN__DUPLICATE_METHOD_MATCH = YES;
				COPY_PHASE_STRIP = NO;
				DEBUG_INFORMATION_FORMAT = "dwarf-with-dsym";
				ENABLE_NS_ASSERTIONS = NO;
				ENABLE_STRICT_OBJC_MSGSEND = YES;
				GCC_C_LANGUAGE_STANDARD = gnu11;
				GCC_NO_COMMON_BLOCKS = YES;
				GCC_WARN_64_TO_32_BIT_CONVERSION = YES;
				GCC_WARN_ABOUT_RETURN_TYPE = YES_ERROR;
				GCC_WARN_UNDECLARED_SELECTOR = YES;
				GCC_WARN_UNINITIALIZED_AUTOS = YES_AGGRESSIVE;
				GCC_WARN_UNUSED_FUNCTION = YES;
				GCC_WARN_UNUSED_VARIABLE = YES;
				IPHONEOS_DEPLOYMENT_TARGET = 14.4;
				MTL_ENABLE_DEBUG_INFO = NO;
				MTL_FAST_MATH = YES;
				SDKROOT = iphoneos;
				SWIFT_COMPILATION_MODE = wholemodule;
				SWIFT_OPTIMIZATION_LEVEL = "-O";
				VALIDATE_PRODUCT = YES;
			};
			name = Release;
		};
		9C2F97B525E8B667003BCC5A /* Debug */ = {
			isa = XCBuildConfiguration;
			buildSettings = {
				ASSETCATALOG_COMPILER_APPICON_NAME = AppIcon;
				ASSETCATALOG_COMPILER_GLOBAL_ACCENT_COLOR_NAME = AccentColor;
				CODE_SIGN_STYLE = Automatic;
				DEVELOPMENT_ASSET_PATHS = "\"Memorize V2/Preview Content\"";
				DEVELOPMENT_TEAM = Y46ZFSQQF3;
				ENABLE_PREVIEWS = YES;
				INFOPLIST_FILE = "Memorize V2/Info.plist";
				LD_RUNPATH_SEARCH_PATHS = (
					"$(inherited)",
					"@executable_path/Frameworks",
				);
				PRODUCT_BUNDLE_IDENTIFIER = "com.SeanCoughlin.Memorize-V2";
				PRODUCT_NAME = "$(TARGET_NAME)";
				SWIFT_VERSION = 5.0;
				TARGETED_DEVICE_FAMILY = "1,2";
			};
			name = Debug;
		};
		9C2F97B625E8B667003BCC5A /* Release */ = {
			isa = XCBuildConfiguration;
			buildSettings = {
				ASSETCATALOG_COMPILER_APPICON_NAME = AppIcon;
				ASSETCATALOG_COMPILER_GLOBAL_ACCENT_COLOR_NAME = AccentColor;
				CODE_SIGN_STYLE = Automatic;
				DEVELOPMENT_ASSET_PATHS = "\"Memorize V2/Preview Content\"";
				DEVELOPMENT_TEAM = Y46ZFSQQF3;
				ENABLE_PREVIEWS = YES;
				INFOPLIST_FILE = "Memorize V2/Info.plist";
				LD_RUNPATH_SEARCH_PATHS = (
					"$(inherited)",
					"@executable_path/Frameworks",
				);
				PRODUCT_BUNDLE_IDENTIFIER = "com.SeanCoughlin.Memorize-V2";
				PRODUCT_NAME = "$(TARGET_NAME)";
				SWIFT_VERSION = 5.0;
				TARGETED_DEVICE_FAMILY = "1,2";
			};
			name = Release;
		};
/* End XCBuildConfiguration section */

/* Begin XCConfigurationList section */
		9C2F979B25E8B666003BCC5A /* Build configuration list for PBXProject "Memorize V2" */ = {
			isa = XCConfigurationList;
			buildConfigurations = (
				9C2F97B225E8B667003BCC5A /* Debug */,
				9C2F97B325E8B667003BCC5A /* Release */,
			);
			defaultConfigurationIsVisible = 0;
			defaultConfigurationName = Release;
		};
		9C2F97B425E8B667003BCC5A /* Build configuration list for PBXNativeTarget "Memorize V2" */ = {
			isa = XCConfigurationList;
			buildConfigurations = (
				9C2F97B525E8B667003BCC5A /* Debug */,
				9C2F97B625E8B667003BCC5A /* Release */,
			);
			defaultConfigurationIsVisible = 0;
			defaultConfigurationName = Release;
		};
/* End XCConfigurationList section */
	};
	rootObject = 9C2F979825E8B666003BCC5A /* Project object */;
}
